Microsoft Visual Studio Solution File, Format Version 12.00
# Visual Studio 15
VisualStudioVersion = 15.0.26124.0
MinimumVisualStudioVersion = 15.0.26124.0
Project("{9A19103F-16F7-4668-BE54-9A1E7A4F7556}") = "DHLM.DeviceManagement.BusinessLayer", "DHLM.DeviceManagement.BusinessLayer\DHLM.DeviceManagement.BusinessLayer.csproj", "{A2279AFF-33F1-4425-9691-65A6A6325121}"
EndProject
Project("{9A19103F-16F7-4668-BE54-9A1E7A4F7556}") = "DHLM.DeviceManagement.API", "DHLM.DeviceManagement.API\DHLM.DeviceManagement.API.csproj", "{833B4DDB-EF3A-44BA-974D-C1DDD52A0538}"
EndProject
Project("{9A19103F-16F7-4668-BE54-9A1E7A4F7556}") = "DHLM.ServiceLayer.Tests", "DHLM.DeviceManagement.Tests\DHLM.DeviceManagement.Tests.csproj", "{D8A53AD8-5B49-418C-B64A-3BFFCFB12ED3}"
EndProject
Project("{2150E333-8FDC-42A3-9474-1A3956D46DE8}") = "Solution Items", "Solution Items", "{1B619D30-BDE6-45A7-84D9-F8ACD8700D28}"
	ProjectSection(SolutionItems) = preProject
		Dockerfile = Dockerfile
	EndProjectSection
EndProject
Global
	GlobalSection(SolutionConfigurationPlatforms) = preSolution
		Debug|Any CPU = Debug|Any CPU
		Debug|x64 = Debug|x64
		Debug|x86 = Debug|x86
		Release|Any CPU = Release|Any CPU
		Release|x64 = Release|x64
		Release|x86 = Release|x86
	EndGlobalSection
	GlobalSection(ProjectConfigurationPlatforms) = postSolution
		{A2279AFF-33F1-4425-9691-65A6A6325121}.Debug|Any CPU.ActiveCfg = Debug|Any CPU
		{A2279AFF-33F1-4425-9691-65A6A6325121}.Debug|Any CPU.Build.0 = Debug|Any CPU
		{A2279AFF-33F1-4425-9691-65A6A6325121}.Debug|x64.ActiveCfg = Debug|Any CPU
		{A2279AFF-33F1-4425-9691-65A6A6325121}.Debug|x64.Build.0 = Debug|Any CPU
		{A2279AFF-33F1-4425-9691-65A6A6325121}.Debug|x86.ActiveCfg = Debug|Any CPU
		{A2279AFF-33F1-4425-9691-65A6A6325121}.Debug|x86.Build.0 = Debug|Any CPU
		{A2279AFF-33F1-4425-9691-65A6A6325121}.Release|Any CPU.ActiveCfg = Release|Any CPU
		{A2279AFF-33F1-4425-9691-65A6A6325121}.Release|Any CPU.Build.0 = Release|Any CPU
		{A2279AFF-33F1-4425-9691-65A6A6325121}.Release|x64.ActiveCfg = Release|Any CPU
		{A2279AFF-33F1-4425-9691-65A6A6325121}.Release|x64.Build.0 = Release|Any CPU
		{A2279AFF-33F1-4425-9691-65A6A6325121}.Release|x86.ActiveCfg = Release|Any CPU
		{A2279AFF-33F1-4425-9691-65A6A6325121}.Release|x86.Build.0 = Release|Any CPU
		{833B4DDB-EF3A-44BA-974D-C1DDD52A0538}.Debug|Any CPU.ActiveCfg = Debug|Any CPU
		{833B4DDB-EF3A-44BA-974D-C1DDD52A0538}.Debug|Any CPU.Build.0 = Debug|Any CPU
		{833B4DDB-EF3A-44BA-974D-C1DDD52A0538}.Debug|x64.ActiveCfg = Debug|Any CPU
		{833B4DDB-EF3A-44BA-974D-C1DDD52A0538}.Debug|x64.Build.0 = Debug|Any CPU
		{833B4DDB-EF3A-44BA-974D-C1DDD52A0538}.Debug|x86.ActiveCfg = Debug|Any CPU
		{833B4DDB-EF3A-44BA-974D-C1DDD52A0538}.Debug|x86.Build.0 = Debug|Any CPU
		{833B4DDB-EF3A-44BA-974D-C1DDD52A0538}.Release|Any CPU.ActiveCfg = Release|Any CPU
		{833B4DDB-EF3A-44BA-974D-C1DDD52A0538}.Release|Any CPU.Build.0 = Release|Any CPU
		{833B4DDB-EF3A-44BA-974D-C1DDD52A0538}.Release|x64.ActiveCfg = Release|Any CPU
		{833B4DDB-EF3A-44BA-974D-C1DDD52A0538}.Release|x64.Build.0 = Release|Any CPU
		{833B4DDB-EF3A-44BA-974D-C1DDD52A0538}.Release|x86.ActiveCfg = Release|Any CPU
		{833B4DDB-EF3A-44BA-974D-C1DDD52A0538}.Release|x86.Build.0 = Release|Any CPU
		{D8A53AD8-5B49-418C-B64A-3BFFCFB12ED3}.Debug|Any CPU.ActiveCfg = Debug|Any CPU
		{D8A53AD8-5B49-418C-B64A-3BFFCFB12ED3}.Debug|Any CPU.Build.0 = Debug|Any CPU
		{D8A53AD8-5B49-418C-B64A-3BFFCFB12ED3}.Debug|x64.ActiveCfg = Debug|Any CPU
		{D8A53AD8-5B49-418C-B64A-3BFFCFB12ED3}.Debug|x64.Build.0 = Debug|Any CPU
		{D8A53AD8-5B49-418C-B64A-3BFFCFB12ED3}.Debug|x86.ActiveCfg = Debug|Any CPU
		{D8A53AD8-5B49-418C-B64A-3BFFCFB12ED3}.Debug|x86.Build.0 = Debug|Any CPU
		{D8A53AD8-5B49-418C-B64A-3BFFCFB12ED3}.Release|Any CPU.ActiveCfg = Release|Any CPU
		{D8A53AD8-5B49-418C-B64A-3BFFCFB12ED3}.Release|Any CPU.Build.0 = Release|Any CPU
		{D8A53AD8-5B49-418C-B64A-3BFFCFB12ED3}.Release|x64.ActiveCfg = Release|Any CPU
		{D8A53AD8-5B49-418C-B64A-3BFFCFB12ED3}.Release|x64.Build.0 = Release|Any CPU
		{D8A53AD8-5B49-418C-B64A-3BFFCFB12ED3}.Release|x86.ActiveCfg = Release|Any CPU
		{D8A53AD8-5B49-418C-B64A-3BFFCFB12ED3}.Release|x86.Build.0 = Release|Any CPU
	EndGlobalSection
	GlobalSection(SolutionProperties) = preSolution
		HideSolutionNode = FALSE
	EndGlobalSection
	GlobalSection(ExtensibilityGlobals) = postSolution
		SolutionGuid = {6984281C-5323-4216-8F86-0F8BC3D060D0}
	EndGlobalSection
EndGlobal
